// !$*UTF8*$!
{
	archiveVersion = 1;
	classes = {
	};
	objectVersion = 51;
	objects = {

/* Begin PBXBuildFile section */
		18D1D95F73FA0C4BB5F28312 /* Pods_Parstagram.framework in Frameworks */ = {isa = PBXBuildFile; fileRef = 8A46062840F05CB2AE97072C /* Pods_Parstagram.framework */; };
		4653D3B6A44748079F0764C4 /* Pods_Parstagram_ParstagramUITests.framework in Frameworks */ = {isa = PBXBuildFile; fileRef = B63C1539ADFB8C120A2F2BDB /* Pods_Parstagram_ParstagramUITests.framework */; };
		CA36FF0755EA53473386B456 /* Pods_ParstagramTests.framework in Frameworks */ = {isa = PBXBuildFile; fileRef = B6674161DCD18D14D1718A9D /* Pods_ParstagramTests.framework */; };
		D628437725EC59D600011A61 /* LoginViewController.swift in Sources */ = {isa = PBXBuildFile; fileRef = D628437625EC59D600011A61 /* LoginViewController.swift */; };
		D628437C25EC59E500011A61 /* FeedViewController.swift in Sources */ = {isa = PBXBuildFile; fileRef = D628437B25EC59E500011A61 /* FeedViewController.swift */; };
		D628438125EC650F00011A61 /* CameraViewController.swift in Sources */ = {isa = PBXBuildFile; fileRef = D628438025EC650F00011A61 /* CameraViewController.swift */; };
		D628439125EC72FF00011A61 /* PostCell.swift in Sources */ = {isa = PBXBuildFile; fileRef = D628439025EC72FF00011A61 /* PostCell.swift */; };
		D638F49625F0CACD000B9F4F /* CommentCell.swift in Sources */ = {isa = PBXBuildFile; fileRef = D638F49525F0CACD000B9F4F /* CommentCell.swift */; };
		D678FC0725EB8F27009A85BF /* AppDelegate.swift in Sources */ = {isa = PBXBuildFile; fileRef = D678FC0625EB8F27009A85BF /* AppDelegate.swift */; };
		D678FC0925EB8F27009A85BF /* SceneDelegate.swift in Sources */ = {isa = PBXBuildFile; fileRef = D678FC0825EB8F27009A85BF /* SceneDelegate.swift */; };
		D678FC0E25EB8F27009A85BF /* Main.storyboard in Resources */ = {isa = PBXBuildFile; fileRef = D678FC0C25EB8F27009A85BF /* Main.storyboard */; };
		D678FC1025EB8F2B009A85BF /* Assets.xcassets in Resources */ = {isa = PBXBuildFile; fileRef = D678FC0F25EB8F2B009A85BF /* Assets.xcassets */; };
		D678FC1325EB8F2B009A85BF /* LaunchScreen.storyboard in Resources */ = {isa = PBXBuildFile; fileRef = D678FC1125EB8F2B009A85BF /* LaunchScreen.storyboard */; };
		D678FC1E25EB8F2C009A85BF /* ParstagramTests.swift in Sources */ = {isa = PBXBuildFile; fileRef = D678FC1D25EB8F2C009A85BF /* ParstagramTests.swift */; };
		D678FC2925EB8F2C009A85BF /* ParstagramUITests.swift in Sources */ = {isa = PBXBuildFile; fileRef = D678FC2825EB8F2C009A85BF /* ParstagramUITests.swift */; };
		D679E88725F0F3CB002D6F8B /* FontsFree-Net-Billabong.ttf in Resources */ = {isa = PBXBuildFile; fileRef = D679E88625F0F3CA002D6F8B /* FontsFree-Net-Billabong.ttf */; };
		D679E88C25F194E5002D6F8B /* ProfileViewController.swift in Sources */ = {isa = PBXBuildFile; fileRef = D679E88B25F194E5002D6F8B /* ProfileViewController.swift */; };
/* End PBXBuildFile section */

/* Begin PBXContainerItemProxy section */
		D678FC1A25EB8F2C009A85BF /* PBXContainerItemProxy */ = {
			isa = PBXContainerItemProxy;
			containerPortal = D678FBFB25EB8F27009A85BF /* Project object */;
			proxyType = 1;
			remoteGlobalIDString = D678FC0225EB8F27009A85BF;
			remoteInfo = Parstagram;
		};
		D678FC2525EB8F2C009A85BF /* PBXContainerItemProxy */ = {
			isa = PBXContainerItemProxy;
			containerPortal = D678FBFB25EB8F27009A85BF /* Project object */;
			proxyType = 1;
			remoteGlobalIDString = D678FC0225EB8F27009A85BF;
			remoteInfo = Parstagram;
		};
/* End PBXContainerItemProxy section */

/* Begin PBXFileReference section */
		062FECCFDEC05C92A323B7AF /* Pods-Parstagram-ParstagramUITests.debug.xcconfig */ = {isa = PBXFileReference; includeInIndex = 1; lastKnownFileType = text.xcconfig; name = "Pods-Parstagram-ParstagramUITests.debug.xcconfig"; path = "Target Support Files/Pods-Parstagram-ParstagramUITests/Pods-Parstagram-ParstagramUITests.debug.xcconfig"; sourceTree = "<group>"; };
		0DBDA0F637FD65FCE24A33B2 /* Pods-Parstagram.debug.xcconfig */ = {isa = PBXFileReference; includeInIndex = 1; lastKnownFileType = text.xcconfig; name = "Pods-Parstagram.debug.xcconfig"; path = "Target Support Files/Pods-Parstagram/Pods-Parstagram.debug.xcconfig"; sourceTree = "<group>"; };
		1CD0D251A01141CAE315C528 /* Pods-Parstagram-ParstagramUITests.release.xcconfig */ = {isa = PBXFileReference; includeInIndex = 1; lastKnownFileType = text.xcconfig; name = "Pods-Parstagram-ParstagramUITests.release.xcconfig"; path = "Target Support Files/Pods-Parstagram-ParstagramUITests/Pods-Parstagram-ParstagramUITests.release.xcconfig"; sourceTree = "<group>"; };
		4B42C2C1CA5A9A1FC5FC1DBD /* Pods-ParstagramTests.release.xcconfig */ = {isa = PBXFileReference; includeInIndex = 1; lastKnownFileType = text.xcconfig; name = "Pods-ParstagramTests.release.xcconfig"; path = "Target Support Files/Pods-ParstagramTests/Pods-ParstagramTests.release.xcconfig"; sourceTree = "<group>"; };
		5E9BE5B01C35D481E56F39D8 /* Pods-Parstagram.release.xcconfig */ = {isa = PBXFileReference; includeInIndex = 1; lastKnownFileType = text.xcconfig; name = "Pods-Parstagram.release.xcconfig"; path = "Target Support Files/Pods-Parstagram/Pods-Parstagram.release.xcconfig"; sourceTree = "<group>"; };
		8A46062840F05CB2AE97072C /* Pods_Parstagram.framework */ = {isa = PBXFileReference; explicitFileType = wrapper.framework; includeInIndex = 0; path = Pods_Parstagram.framework; sourceTree = BUILT_PRODUCTS_DIR; };
		A8DD0E2BE06CB5514640C7F1 /* Pods-ParstagramTests.debug.xcconfig */ = {isa = PBXFileReference; includeInIndex = 1; lastKnownFileType = text.xcconfig; name = "Pods-ParstagramTests.debug.xcconfig"; path = "Target Support Files/Pods-ParstagramTests/Pods-ParstagramTests.debug.xcconfig"; sourceTree = "<group>"; };
		B63C1539ADFB8C120A2F2BDB /* Pods_Parstagram_ParstagramUITests.framework */ = {isa = PBXFileReference; explicitFileType = wrapper.framework; includeInIndex = 0; path = Pods_Parstagram_ParstagramUITests.framework; sourceTree = BUILT_PRODUCTS_DIR; };
		B6674161DCD18D14D1718A9D /* Pods_ParstagramTests.framework */ = {isa = PBXFileReference; explicitFileType = wrapper.framework; includeInIndex = 0; path = Pods_ParstagramTests.framework; sourceTree = BUILT_PRODUCTS_DIR; };
		D628437625EC59D600011A61 /* LoginViewController.swift */ = {isa = PBXFileReference; lastKnownFileType = sourcecode.swift; path = LoginViewController.swift; sourceTree = "<group>"; };
		D628437B25EC59E500011A61 /* FeedViewController.swift */ = {isa = PBXFileReference; lastKnownFileType = sourcecode.swift; path = FeedViewController.swift; sourceTree = "<group>"; };
		D628438025EC650F00011A61 /* CameraViewController.swift */ = {isa = PBXFileReference; lastKnownFileType = sourcecode.swift; path = CameraViewController.swift; sourceTree = "<group>"; };
		D628439025EC72FF00011A61 /* PostCell.swift */ = {isa = PBXFileReference; lastKnownFileType = sourcecode.swift; path = PostCell.swift; sourceTree = "<group>"; };
		D638F49525F0CACD000B9F4F /* CommentCell.swift */ = {isa = PBXFileReference; lastKnownFileType = sourcecode.swift; path = CommentCell.swift; sourceTree = "<group>"; };
		D678FC0325EB8F27009A85BF /* Parstagram.app */ = {isa = PBXFileReference; explicitFileType = wrapper.application; includeInIndex = 0; path = Parstagram.app; sourceTree = BUILT_PRODUCTS_DIR; };
		D678FC0625EB8F27009A85BF /* AppDelegate.swift */ = {isa = PBXFileReference; lastKnownFileType = sourcecode.swift; path = AppDelegate.swift; sourceTree = "<group>"; };
		D678FC0825EB8F27009A85BF /* SceneDelegate.swift */ = {isa = PBXFileReference; lastKnownFileType = sourcecode.swift; path = SceneDelegate.swift; sourceTree = "<group>"; };
		D678FC0D25EB8F27009A85BF /* Base */ = {isa = PBXFileReference; lastKnownFileType = file.storyboard; name = Base; path = Base.lproj/Main.storyboard; sourceTree = "<group>"; };
		D678FC0F25EB8F2B009A85BF /* Assets.xcassets */ = {isa = PBXFileReference; lastKnownFileType = folder.assetcatalog; path = Assets.xcassets; sourceTree = "<group>"; };
		D678FC1225EB8F2B009A85BF /* Base */ = {isa = PBXFileReference; lastKnownFileType = file.storyboard; name = Base; path = Base.lproj/LaunchScreen.storyboard; sourceTree = "<group>"; };
		D678FC1425EB8F2B009A85BF /* Info.plist */ = {isa = PBXFileReference; lastKnownFileType = text.plist.xml; path = Info.plist; sourceTree = "<group>"; };
		D678FC1925EB8F2C009A85BF /* ParstagramTests.xctest */ = {isa = PBXFileReference; explicitFileType = wrapper.cfbundle; includeInIndex = 0; path = ParstagramTests.xctest; sourceTree = BUILT_PRODUCTS_DIR; };
		D678FC1D25EB8F2C009A85BF /* ParstagramTests.swift */ = {isa = PBXFileReference; lastKnownFileType = sourcecode.swift; path = ParstagramTests.swift; sourceTree = "<group>"; };
		D678FC1F25EB8F2C009A85BF /* Info.plist */ = {isa = PBXFileReference; lastKnownFileType = text.plist.xml; path = Info.plist; sourceTree = "<group>"; };
		D678FC2425EB8F2C009A85BF /* ParstagramUITests.xctest */ = {isa = PBXFileReference; explicitFileType = wrapper.cfbundle; includeInIndex = 0; path = ParstagramUITests.xctest; sourceTree = BUILT_PRODUCTS_DIR; };
		D678FC2825EB8F2C009A85BF /* ParstagramUITests.swift */ = {isa = PBXFileReference; lastKnownFileType = sourcecode.swift; path = ParstagramUITests.swift; sourceTree = "<group>"; };
		D678FC2A25EB8F2C009A85BF /* Info.plist */ = {isa = PBXFileReference; lastKnownFileType = text.plist.xml; path = Info.plist; sourceTree = "<group>"; };
		D679E88625F0F3CA002D6F8B /* FontsFree-Net-Billabong.ttf */ = {isa = PBXFileReference; lastKnownFileType = file; name = "FontsFree-Net-Billabong.ttf"; path = "../../../../Downloads/FontsFree-Net-Billabong.ttf"; sourceTree = "<group>"; };
		D679E88B25F194E5002D6F8B /* ProfileViewController.swift */ = {isa = PBXFileReference; lastKnownFileType = sourcecode.swift; path = ProfileViewController.swift; sourceTree = "<group>"; };
/* End PBXFileReference section */

/* Begin PBXFrameworksBuildPhase section */
		D678FC0025EB8F27009A85BF /* Frameworks */ = {
			isa = PBXFrameworksBuildPhase;
			buildActionMask = 2147483647;
			files = (
				18D1D95F73FA0C4BB5F28312 /* Pods_Parstagram.framework in Frameworks */,
			);
			runOnlyForDeploymentPostprocessing = 0;
		};
		D678FC1625EB8F2C009A85BF /* Frameworks */ = {
			isa = PBXFrameworksBuildPhase;
			buildActionMask = 2147483647;
			files = (
				CA36FF0755EA53473386B456 /* Pods_ParstagramTests.framework in Frameworks */,
			);
			runOnlyForDeploymentPostprocessing = 0;
		};
		D678FC2125EB8F2C009A85BF /* Frameworks */ = {
			isa = PBXFrameworksBuildPhase;
			buildActionMask = 2147483647;
			files = (
				4653D3B6A44748079F0764C4 /* Pods_Parstagram_ParstagramUITests.framework in Frameworks */,
			);
			runOnlyForDeploymentPostprocessing = 0;
		};
/* End PBXFrameworksBuildPhase section */

/* Begin PBXGroup section */
		0CF6EAA846858C0527CAF328 /* Frameworks */ = {
			isa = PBXGroup;
			children = (
				8A46062840F05CB2AE97072C /* Pods_Parstagram.framework */,
				B63C1539ADFB8C120A2F2BDB /* Pods_Parstagram_ParstagramUITests.framework */,
				B6674161DCD18D14D1718A9D /* Pods_ParstagramTests.framework */,
			);
			name = Frameworks;
			sourceTree = "<group>";
		};
		7128265376EE9A8B2C24D9E4 /* Pods */ = {
			isa = PBXGroup;
			children = (
				0DBDA0F637FD65FCE24A33B2 /* Pods-Parstagram.debug.xcconfig */,
				5E9BE5B01C35D481E56F39D8 /* Pods-Parstagram.release.xcconfig */,
				062FECCFDEC05C92A323B7AF /* Pods-Parstagram-ParstagramUITests.debug.xcconfig */,
				1CD0D251A01141CAE315C528 /* Pods-Parstagram-ParstagramUITests.release.xcconfig */,
				A8DD0E2BE06CB5514640C7F1 /* Pods-ParstagramTests.debug.xcconfig */,
				4B42C2C1CA5A9A1FC5FC1DBD /* Pods-ParstagramTests.release.xcconfig */,
			);
			path = Pods;
			sourceTree = "<group>";
		};
		D678FBFA25EB8F27009A85BF = {
			isa = PBXGroup;
			children = (
				D678FC0525EB8F27009A85BF /* Parstagram */,
				D678FC1C25EB8F2C009A85BF /* ParstagramTests */,
				D678FC2725EB8F2C009A85BF /* ParstagramUITests */,
				D678FC0425EB8F27009A85BF /* Products */,
				7128265376EE9A8B2C24D9E4 /* Pods */,
				0CF6EAA846858C0527CAF328 /* Frameworks */,
			);
			sourceTree = "<group>";
		};
		D678FC0425EB8F27009A85BF /* Products */ = {
			isa = PBXGroup;
			children = (
				D678FC0325EB8F27009A85BF /* Parstagram.app */,
				D678FC1925EB8F2C009A85BF /* ParstagramTests.xctest */,
				D678FC2425EB8F2C009A85BF /* ParstagramUITests.xctest */,
			);
			name = Products;
			sourceTree = "<group>";
		};
		D678FC0525EB8F27009A85BF /* Parstagram */ = {
			isa = PBXGroup;
			children = (
				D679E88625F0F3CA002D6F8B /* FontsFree-Net-Billabong.ttf */,
				D678FC0625EB8F27009A85BF /* AppDelegate.swift */,
				D678FC0825EB8F27009A85BF /* SceneDelegate.swift */,
				D678FC0C25EB8F27009A85BF /* Main.storyboard */,
				D678FC0F25EB8F2B009A85BF /* Assets.xcassets */,
				D678FC1125EB8F2B009A85BF /* LaunchScreen.storyboard */,
				D678FC1425EB8F2B009A85BF /* Info.plist */,
				D628437625EC59D600011A61 /* LoginViewController.swift */,
				D628437B25EC59E500011A61 /* FeedViewController.swift */,
				D628438025EC650F00011A61 /* CameraViewController.swift */,
				D628439025EC72FF00011A61 /* PostCell.swift */,
				D638F49525F0CACD000B9F4F /* CommentCell.swift */,
				D679E88B25F194E5002D6F8B /* ProfileViewController.swift */,
			);
			path = Parstagram;
			sourceTree = "<group>";
		};
		D678FC1C25EB8F2C009A85BF /* ParstagramTests */ = {
			isa = PBXGroup;
			children = (
				D678FC1D25EB8F2C009A85BF /* ParstagramTests.swift */,
				D678FC1F25EB8F2C009A85BF /* Info.plist */,
			);
			path = ParstagramTests;
			sourceTree = "<group>";
		};
		D678FC2725EB8F2C009A85BF /* ParstagramUITests */ = {
			isa = PBXGroup;
			children = (
				D678FC2825EB8F2C009A85BF /* ParstagramUITests.swift */,
				D678FC2A25EB8F2C009A85BF /* Info.plist */,
			);
			path = ParstagramUITests;
			sourceTree = "<group>";
		};
/* End PBXGroup section */

/* Begin PBXNativeTarget section */
		D678FC0225EB8F27009A85BF /* Parstagram */ = {
			isa = PBXNativeTarget;
			buildConfigurationList = D678FC2D25EB8F2C009A85BF /* Build configuration list for PBXNativeTarget "Parstagram" */;
			buildPhases = (
				B59FBE0FF810251CA3E25E53 /* [CP] Check Pods Manifest.lock */,
				D678FBFF25EB8F27009A85BF /* Sources */,
				D678FC0025EB8F27009A85BF /* Frameworks */,
				D678FC0125EB8F27009A85BF /* Resources */,
				2BEDA026088282FF400F7F1D /* [CP] Embed Pods Frameworks */,
			);
			buildRules = (
			);
			dependencies = (
			);
			name = Parstagram;
			productName = Parstagram;
			productReference = D678FC0325EB8F27009A85BF /* Parstagram.app */;
			productType = "com.apple.product-type.application";
		};
		D678FC1825EB8F2C009A85BF /* ParstagramTests */ = {
			isa = PBXNativeTarget;
			buildConfigurationList = D678FC3025EB8F2C009A85BF /* Build configuration list for PBXNativeTarget "ParstagramTests" */;
			buildPhases = (
				0C354A52BA5B611C1854F27A /* [CP] Check Pods Manifest.lock */,
				D678FC1525EB8F2C009A85BF /* Sources */,
				D678FC1625EB8F2C009A85BF /* Frameworks */,
				D678FC1725EB8F2C009A85BF /* Resources */,
			);
			buildRules = (
			);
			dependencies = (
				D678FC1B25EB8F2C009A85BF /* PBXTargetDependency */,
			);
			name = ParstagramTests;
			productName = ParstagramTests;
			productReference = D678FC1925EB8F2C009A85BF /* ParstagramTests.xctest */;
			productType = "com.apple.product-type.bundle.unit-test";
		};
		D678FC2325EB8F2C009A85BF /* ParstagramUITests */ = {
			isa = PBXNativeTarget;
			buildConfigurationList = D678FC3325EB8F2C009A85BF /* Build configuration list for PBXNativeTarget "ParstagramUITests" */;
			buildPhases = (
				CF356A273BEA5C7F4177F3D0 /* [CP] Check Pods Manifest.lock */,
				D678FC2025EB8F2C009A85BF /* Sources */,
				D678FC2125EB8F2C009A85BF /* Frameworks */,
				D678FC2225EB8F2C009A85BF /* Resources */,
				10DD916AA372F0C440CE66D9 /* [CP] Embed Pods Frameworks */,
			);
			buildRules = (
			);
			dependencies = (
				D678FC2625EB8F2C009A85BF /* PBXTargetDependency */,
			);
			name = ParstagramUITests;
			productName = ParstagramUITests;
			productReference = D678FC2425EB8F2C009A85BF /* ParstagramUITests.xctest */;
			productType = "com.apple.product-type.bundle.ui-testing";
		};
/* End PBXNativeTarget section */

/* Begin PBXProject section */
		D678FBFB25EB8F27009A85BF /* Project object */ = {
			isa = PBXProject;
			attributes = {
				LastSwiftUpdateCheck = 1240;
				LastUpgradeCheck = 1240;
				TargetAttributes = {
					D678FC0225EB8F27009A85BF = {
						CreatedOnToolsVersion = 12.4;
					};
					D678FC1825EB8F2C009A85BF = {
						CreatedOnToolsVersion = 12.4;
						TestTargetID = D678FC0225EB8F27009A85BF;
					};
					D678FC2325EB8F2C009A85BF = {
						CreatedOnToolsVersion = 12.4;
						TestTargetID = D678FC0225EB8F27009A85BF;
					};
				};
			};
			buildConfigurationList = D678FBFE25EB8F27009A85BF /* Build configuration list for PBXProject "Parstagram" */;
			compatibilityVersion = "Xcode 9.3";
			developmentRegion = en;
			hasScannedForEncodings = 0;
			knownRegions = (
				en,
				Base,
			);
			mainGroup = D678FBFA25EB8F27009A85BF;
			productRefGroup = D678FC0425EB8F27009A85BF /* Products */;
			projectDirPath = "";
			projectRoot = "";
			targets = (
				D678FC0225EB8F27009A85BF /* Parstagram */,
				D678FC1825EB8F2C009A85BF /* ParstagramTests */,
				D678FC2325EB8F2C009A85BF /* ParstagramUITests */,
			);
		};
/* End PBXProject section */

/* Begin PBXResourcesBuildPhase section */
		D678FC0125EB8F27009A85BF /* Resources */ = {
			isa = PBXResourcesBuildPhase;
			buildActionMask = 2147483647;
			files = (
				D678FC1325EB8F2B009A85BF /* LaunchScreen.storyboard in Resources */,
				D678FC1025EB8F2B009A85BF /* Assets.xcassets in Resources */,
				D679E88725F0F3CB002D6F8B /* FontsFree-Net-Billabong.ttf in Resources */,
				D678FC0E25EB8F27009A85BF /* Main.storyboard in Resources */,
			);
			runOnlyForDeploymentPostprocessing = 0;
		};
		D678FC1725EB8F2C009A85BF /* Resources */ = {
			isa = PBXResourcesBuildPhase;
			buildActionMask = 2147483647;
			files = (
			);
			runOnlyForDeploymentPostprocessing = 0;
		};
		D678FC2225EB8F2C009A85BF /* Resources */ = {
			isa = PBXResourcesBuildPhase;
			buildActionMask = 2147483647;
			files = (
			);
			runOnlyForDeploymentPostprocessing = 0;
		};
/* End PBXResourcesBuildPhase section */

/* Begin PBXShellScriptBuildPhase section */
		0C354A52BA5B611C1854F27A /* [CP] Check Pods Manifest.lock */ = {
			isa = PBXShellScriptBuildPhase;
			buildActionMask = 2147483647;
			files = (
			);
			inputFileListPaths = (
			);
			inputPaths = (
				"${PODS_PODFILE_DIR_PATH}/Podfile.lock",
				"${PODS_ROOT}/Manifest.lock",
			);
			name = "[CP] Check Pods Manifest.lock";
			outputFileListPaths = (
			);
			outputPaths = (
				"$(DERIVED_FILE_DIR)/Pods-ParstagramTests-checkManifestLockResult.txt",
			);
			runOnlyForDeploymentPostprocessing = 0;
			shellPath = /bin/sh;
			shellScript = "diff \"${PODS_PODFILE_DIR_PATH}/Podfile.lock\" \"${PODS_ROOT}/Manifest.lock\" > /dev/null\nif [ $? != 0 ] ; then\n    # print error to STDERR\n    echo \"error: The sandbox is not in sync with the Podfile.lock. Run 'pod install' or update your CocoaPods installation.\" >&2\n    exit 1\nfi\n# This output is used by Xcode 'outputs' to avoid re-running this script phase.\necho \"SUCCESS\" > \"${SCRIPT_OUTPUT_FILE_0}\"\n";
			showEnvVarsInLog = 0;
		};
		10DD916AA372F0C440CE66D9 /* [CP] Embed Pods Frameworks */ = {
			isa = PBXShellScriptBuildPhase;
			buildActionMask = 2147483647;
			files = (
			);
			inputFileListPaths = (
				"${PODS_ROOT}/Target Support Files/Pods-Parstagram-ParstagramUITests/Pods-Parstagram-ParstagramUITests-frameworks-${CONFIGURATION}-input-files.xcfilelist",
			);
			name = "[CP] Embed Pods Frameworks";
			outputFileListPaths = (
				"${PODS_ROOT}/Target Support Files/Pods-Parstagram-ParstagramUITests/Pods-Parstagram-ParstagramUITests-frameworks-${CONFIGURATION}-output-files.xcfilelist",
			);
			runOnlyForDeploymentPostprocessing = 0;
			shellPath = /bin/sh;
			shellScript = "\"${PODS_ROOT}/Target Support Files/Pods-Parstagram-ParstagramUITests/Pods-Parstagram-ParstagramUITests-frameworks.sh\"\n";
			showEnvVarsInLog = 0;
		};
		2BEDA026088282FF400F7F1D /* [CP] Embed Pods Frameworks */ = {
			isa = PBXShellScriptBuildPhase;
			buildActionMask = 2147483647;
			files = (
			);
			inputFileListPaths = (
				"${PODS_ROOT}/Target Support Files/Pods-Parstagram/Pods-Parstagram-frameworks-${CONFIGURATION}-input-files.xcfilelist",
			);
			name = "[CP] Embed Pods Frameworks";
			outputFileListPaths = (
				"${PODS_ROOT}/Target Support Files/Pods-Parstagram/Pods-Parstagram-frameworks-${CONFIGURATION}-output-files.xcfilelist",
			);
			runOnlyForDeploymentPostprocessing = 0;
			shellPath = /bin/sh;
			shellScript = "\"${PODS_ROOT}/Target Support Files/Pods-Parstagram/Pods-Parstagram-frameworks.sh\"\n";
			showEnvVarsInLog = 0;
		};
		B59FBE0FF810251CA3E25E53 /* [CP] Check Pods Manifest.lock */ = {
			isa = PBXShellScriptBuildPhase;
			buildActionMask = 2147483647;
			files = (
			);
			inputFileListPaths = (
			);
			inputPaths = (
				"${PODS_PODFILE_DIR_PATH}/Podfile.lock",
				"${PODS_ROOT}/Manifest.lock",
			);
			name = "[CP] Check Pods Manifest.lock";
			outputFileListPaths = (
			);
			outputPaths = (
				"$(DERIVED_FILE_DIR)/Pods-Parstagram-checkManifestLockResult.txt",
			);
			runOnlyForDeploymentPostprocessing = 0;
			shellPath = /bin/sh;
			shellScript = "diff \"${PODS_PODFILE_DIR_PATH}/Podfile.lock\" \"${PODS_ROOT}/Manifest.lock\" > /dev/null\nif [ $? != 0 ] ; then\n    # print error to STDERR\n    echo \"error: The sandbox is not in sync with the Podfile.lock. Run 'pod install' or update your CocoaPods installation.\" >&2\n    exit 1\nfi\n# This output is used by Xcode 'outputs' to avoid re-running this script phase.\necho \"SUCCESS\" > \"${SCRIPT_OUTPUT_FILE_0}\"\n";
			showEnvVarsInLog = 0;
		};
		CF356A273BEA5C7F4177F3D0 /* [CP] Check Pods Manifest.lock */ = {
			isa = PBXShellScriptBuildPhase;
			buildActionMask = 2147483647;
			files = (
			);
			inputFileListPaths = (
			);
			inputPaths = (
				"${PODS_PODFILE_DIR_PATH}/Podfile.lock",
				"${PODS_ROOT}/Manifest.lock",
			);
			name = "[CP] Check Pods Manifest.lock";
			outputFileListPaths = (
			);
			outputPaths = (
				"$(DERIVED_FILE_DIR)/Pods-Parstagram-ParstagramUITests-checkManifestLockResult.txt",
			);
			runOnlyForDeploymentPostprocessing = 0;
			shellPath = /bin/sh;
			shellScript = "diff \"${PODS_PODFILE_DIR_PATH}/Podfile.lock\" \"${PODS_ROOT}/Manifest.lock\" > /dev/null\nif [ $? != 0 ] ; then\n    # print error to STDERR\n    echo \"error: The sandbox is not in sync with the Podfile.lock. Run 'pod install' or update your CocoaPods installation.\" >&2\n    exit 1\nfi\n# This output is used by Xcode 'outputs' to avoid re-running this script phase.\necho \"SUCCESS\" > \"${SCRIPT_OUTPUT_FILE_0}\"\n";
			showEnvVarsInLog = 0;
		};
/* End PBXShellScriptBuildPhase section */

/* Begin PBXSourcesBuildPhase section */
		D678FBFF25EB8F27009A85BF /* Sources */ = {
			isa = PBXSourcesBuildPhase;
			buildActionMask = 2147483647;
			files = (
				D628437725EC59D600011A61 /* LoginViewController.swift in Sources */,
				D628438125EC650F00011A61 /* CameraViewController.swift in Sources */,
				D678FC0725EB8F27009A85BF /* AppDelegate.swift in Sources */,
				D628437C25EC59E500011A61 /* FeedViewController.swift in Sources */,
				D678FC0925EB8F27009A85BF /* SceneDelegate.swift in Sources */,
				D628439125EC72FF00011A61 /* PostCell.swift in Sources */,
				D679E88C25F194E5002D6F8B /* ProfileViewController.swift in Sources */,
				D638F49625F0CACD000B9F4F /* CommentCell.swift in Sources */,
			);
			runOnlyForDeploymentPostprocessing = 0;
		};
		D678FC1525EB8F2C009A85BF /* Sources */ = {
			isa = PBXSourcesBuildPhase;
			buildActionMask = 2147483647;
			files = (
				D678FC1E25EB8F2C009A85BF /* ParstagramTests.swift in Sources */,
			);
			runOnlyForDeploymentPostprocessing = 0;
		};
		D678FC2025EB8F2C009A85BF /* Sources */ = {
			isa = PBXSourcesBuildPhase;
			buildActionMask = 2147483647;
			files = (
				D678FC2925EB8F2C009A85BF /* ParstagramUITests.swift in Sources */,
			);
			runOnlyForDeploymentPostprocessing = 0;
		};
/* End PBXSourcesBuildPhase section */

/* Begin PBXTargetDependency section */
		D678FC1B25EB8F2C009A85BF /* PBXTargetDependency */ = {
			isa = PBXTargetDependency;
			target = D678FC0225EB8F27009A85BF /* Parstagram */;
			targetProxy = D678FC1A25EB8F2C009A85BF /* PBXContainerItemProxy */;
		};
		D678FC2625EB8F2C009A85BF /* PBXTargetDependency */ = {
			isa = PBXTargetDependency;
			target = D678FC0225EB8F27009A85BF /* Parstagram */;
			targetProxy = D678FC2525EB8F2C009A85BF /* PBXContainerItemProxy */;
		};
/* End PBXTargetDependency section */

/* Begin PBXVariantGroup section */
		D678FC0C25EB8F27009A85BF /* Main.storyboard */ = {
			isa = PBXVariantGroup;
			children = (
				D678FC0D25EB8F27009A85BF /* Base */,
			);
			name = Main.storyboard;
			sourceTree = "<group>";
		};
		D678FC1125EB8F2B009A85BF /* LaunchScreen.storyboard */ = {
			isa = PBXVariantGroup;
			children = (
				D678FC1225EB8F2B009A85BF /* Base */,
			);
			name = LaunchScreen.storyboard;
			sourceTree = "<group>";
		};
/* End PBXVariantGroup section */

/* Begin XCBuildConfiguration section */
		D678FC2B25EB8F2C009A85BF /* Debug */ = {
			isa = XCBuildConfiguration;
			buildSettings = {
				ALWAYS_SEARCH_USER_PATHS = NO;
				CLANG_ANALYZER_NONNULL = YES;
				CLANG_ANALYZER_NUMBER_OBJECT_CONVERSION = YES_AGGRESSIVE;
				CLANG_CXX_LANGUAGE_STANDARD = "gnu++14";
				CLANG_CXX_LIBRARY = "libc++";
				CLANG_ENABLE_MODULES = YES;
				CLANG_ENABLE_OBJC_ARC = YES;
				CLANG_ENABLE_OBJC_WEAK = YES;
				CLANG_WARN_BLOCK_CAPTURE_AUTORELEASING = YES;
				CLANG_WARN_BOOL_CONVERSION = YES;
				CLANG_WARN_COMMA = YES;
				CLANG_WARN_CONSTANT_CONVERSION = YES;
				CLANG_WARN_DEPRECATED_OBJC_IMPLEMENTATIONS = YES;
				CLANG_WARN_DIRECT_OBJC_ISA_USAGE = YES_ERROR;
				CLANG_WARN_DOCUMENTATION_COMMENTS = YES;
				CLANG_WARN_EMPTY_BODY = YES;
				CLANG_WARN_ENUM_CONVERSION = YES;
				CLANG_WARN_INFINITE_RECURSION = YES;
				CLANG_WARN_INT_CONVERSION = YES;
				CLANG_WARN_NON_LITERAL_NULL_CONVERSION = YES;
				CLANG_WARN_OBJC_IMPLICIT_RETAIN_SELF = YES;
				CLANG_WARN_OBJC_LITERAL_CONVERSION = YES;
				CLANG_WARN_OBJC_ROOT_CLASS = YES_ERROR;
				CLANG_WARN_QUOTED_INCLUDE_IN_FRAMEWORK_HEADER = YES;
				CLANG_WARN_RANGE_LOOP_ANALYSIS = YES;
				CLANG_WARN_STRICT_PROTOTYPES = YES;
				CLANG_WARN_SUSPICIOUS_MOVE = YES;
				CLANG_WARN_UNGUARDED_AVAILABILITY = YES_AGGRESSIVE;
				CLANG_WARN_UNREACHABLE_CODE = YES;
				CLANG_WARN__DUPLICATE_METHOD_MATCH = YES;
				COPY_PHASE_STRIP = NO;
				DEBUG_INFORMATION_FORMAT = dwarf;
				ENABLE_STRICT_OBJC_MSGSEND = YES;
				ENABLE_TESTABILITY = YES;
				GCC_C_LANGUAGE_STANDARD = gnu11;
				GCC_DYNAMIC_NO_PIC = NO;
				GCC_NO_COMMON_BLOCKS = YES;
				GCC_OPTIMIZATION_LEVEL = 0;
				GCC_PREPROCESSOR_DEFINITIONS = (
					"DEBUG=1",
					"$(inherited)",
				);
				GCC_WARN_64_TO_32_BIT_CONVERSION = YES;
				GCC_WARN_ABOUT_RETURN_TYPE = YES_ERROR;
				GCC_WARN_UNDECLARED_SELECTOR = YES;
				GCC_WARN_UNINITIALIZED_AUTOS = YES_AGGRESSIVE;
				GCC_WARN_UNUSED_FUNCTION = YES;
				GCC_WARN_UNUSED_VARIABLE = YES;
				IPHONEOS_DEPLOYMENT_TARGET = 14.4;
				MTL_ENABLE_DEBUG_INFO = INCLUDE_SOURCE;
				MTL_FAST_MATH = YES;
				ONLY_ACTIVE_ARCH = YES;
				SDKROOT = iphoneos;
				SWIFT_ACTIVE_COMPILATION_CONDITIONS = DEBUG;
				SWIFT_OPTIMIZATION_LEVEL = "-Onone";
			};
			name = Debug;
		};
		D678FC2C25EB8F2C009A85BF /* Release */ = {
			isa = XCBuildConfiguration;
			buildSettings = {
				ALWAYS_SEARCH_USER_PATHS = NO;
				CLANG_ANALYZER_NONNULL = YES;
				CLANG_ANALYZER_NUMBER_OBJECT_CONVERSION = YES_AGGRESSIVE;
				CLANG_CXX_LANGUAGE_STANDARD = "gnu++14";
				CLANG_CXX_LIBRARY = "libc++";
				CLANG_ENABLE_MODULES = YES;
				CLANG_ENABLE_OBJC_ARC = YES;
				CLANG_ENABLE_OBJC_WEAK = YES;
				CLANG_WARN_BLOCK_CAPTURE_AUTORELEASING = YES;
				CLANG_WARN_BOOL_CONVERSION = YES;
				CLANG_WARN_COMMA = YES;
				CLANG_WARN_CONSTANT_CONVERSION = YES;
				CLANG_WARN_DEPRECATED_OBJC_IMPLEMENTATIONS = YES;
				CLANG_WARN_DIRECT_OBJC_ISA_USAGE = YES_ERROR;
				CLANG_WARN_DOCUMENTATION_COMMENTS = YES;
				CLANG_WARN_EMPTY_BODY = YES;
				CLANG_WARN_ENUM_CONVERSION = YES;
				CLANG_WARN_INFINITE_RECURSION = YES;
				CLANG_WARN_INT_CONVERSION = YES;
				CLANG_WARN_NON_LITERAL_NULL_CONVERSION = YES;
				CLANG_WARN_OBJC_IMPLICIT_RETAIN_SELF = YES;
				CLANG_WARN_OBJC_LITERAL_CONVERSION = YES;
				CLANG_WARN_OBJC_ROOT_CLASS = YES_ERROR;
				CLANG_WARN_QUOTED_INCLUDE_IN_FRAMEWORK_HEADER = YES;
				CLANG_WARN_RANGE_LOOP_ANALYSIS = YES;
				CLANG_WARN_STRICT_PROTOTYPES = YES;
				CLANG_WARN_SUSPICIOUS_MOVE = YES;
				CLANG_WARN_UNGUARDED_AVAILABILITY = YES_AGGRESSIVE;
				CLANG_WARN_UNREACHABLE_CODE = YES;
				CLANG_WARN__DUPLICATE_METHOD_MATCH = YES;
				COPY_PHASE_STRIP = NO;
				DEBUG_INFORMATION_FORMAT = "dwarf-with-dsym";
				ENABLE_NS_ASSERTIONS = NO;
				ENABLE_STRICT_OBJC_MSGSEND = YES;
				GCC_C_LANGUAGE_STANDARD = gnu11;
				GCC_NO_COMMON_BLOCKS = YES;
				GCC_WARN_64_TO_32_BIT_CONVERSION = YES;
				GCC_WARN_ABOUT_RETURN_TYPE = YES_ERROR;
				GCC_WARN_UNDECLARED_SELECTOR = YES;
				GCC_WARN_UNINITIALIZED_AUTOS = YES_AGGRESSIVE;
				GCC_WARN_UNUSED_FUNCTION = YES;
				GCC_WARN_UNUSED_VARIABLE = YES;
				IPHONEOS_DEPLOYMENT_TARGET = 14.4;
				MTL_ENABLE_DEBUG_INFO = NO;
				MTL_FAST_MATH = YES;
				SDKROOT = iphoneos;
				SWIFT_COMPILATION_MODE = wholemodule;
				SWIFT_OPTIMIZATION_LEVEL = "-O";
				VALIDATE_PRODUCT = YES;
			};
			name = Release;
		};
		D678FC2E25EB8F2C009A85BF /* Debug */ = {
			isa = XCBuildConfiguration;
			baseConfigurationReference = 0DBDA0F637FD65FCE24A33B2 /* Pods-Parstagram.debug.xcconfig */;
			buildSettings = {
				ASSETCATALOG_COMPILER_APPICON_NAME = AppIcon;
				ASSETCATALOG_COMPILER_GLOBAL_ACCENT_COLOR_NAME = AccentColor;
				CODE_SIGN_STYLE = Automatic;
				DEVELOPMENT_TEAM = AC6V234L6Y;
				INFOPLIST_FILE = Parstagram/Info.plist;
				IPHONEOS_DEPLOYMENT_TARGET = 14.4;
				LD_RUNPATH_SEARCH_PATHS = (
					"$(inherited)",
					"@executable_path/Frameworks",
				);
				PRODUCT_BUNDLE_IDENTIFIER = io.GitHub.KBatesCS.Parstagram;
				PRODUCT_NAME = "$(TARGET_NAME)";
				SWIFT_VERSION = 5.0;
				TARGETED_DEVICE_FAMILY = "1,2";
			};
			name = Debug;
		};
		D678FC2F25EB8F2C009A85BF /* Release */ = {
			isa = XCBuildConfiguration;
			baseConfigurationReference = 5E9BE5B01C35D481E56F39D8 /* Pods-Parstagram.release.xcconfig */;
			buildSettings = {
				ASSETCATALOG_COMPILER_APPICON_NAME = AppIcon;
				ASSETCATALOG_COMPILER_GLOBAL_ACCENT_COLOR_NAME = AccentColor;
				CODE_SIGN_STYLE = Automatic;
				DEVELOPMENT_TEAM = AC6V234L6Y;
				INFOPLIST_FILE = Parstagram/Info.plist;
				IPHONEOS_DEPLOYMENT_TARGET = 14.4;
				LD_RUNPATH_SEARCH_PATHS = (
					"$(inherited)",
					"@executable_path/Frameworks",
				);
				PRODUCT_BUNDLE_IDENTIFIER = io.GitHub.KBatesCS.Parstagram;
				PRODUCT_NAME = "$(TARGET_NAME)";
				SWIFT_VERSION = 5.0;
				TARGETED_DEVICE_FAMILY = "1,2";
			};
			name = Release;
		};
		D678FC3125EB8F2C009A85BF /* Debug */ = {
			isa = XCBuildConfiguration;
			baseConfigurationReference = A8DD0E2BE06CB5514640C7F1 /* Pods-ParstagramTests.debug.xcconfig */;
			buildSettings = {
				ALWAYS_EMBED_SWIFT_STANDARD_LIBRARIES = YES;
				BUNDLE_LOADER = "$(TEST_HOST)";
				CODE_SIGN_STYLE = Automatic;
				DEVELOPMENT_TEAM = AC6V234L6Y;
				INFOPLIST_FILE = ParstagramTests/Info.plist;
				IPHONEOS_DEPLOYMENT_TARGET = 14.4;
				LD_RUNPATH_SEARCH_PATHS = (
					"$(inherited)",
					"@executable_path/Frameworks",
					"@loader_path/Frameworks",
				);
				PRODUCT_BUNDLE_IDENTIFIER = io.GitHub.KBatesCS.ParstagramTests;
				PRODUCT_NAME = "$(TARGET_NAME)";
				SWIFT_VERSION = 5.0;
				TARGETED_DEVICE_FAMILY = "1,2";
				TEST_HOST = "$(BUILT_PRODUCTS_DIR)/Parstagram.app/Parstagram";
			};
			name = Debug;
		};
		D678FC3225EB8F2C009A85BF /* Release */ = {
			isa = XCBuildConfiguration;
			baseConfigurationReference = 4B42C2C1CA5A9A1FC5FC1DBD /* Pods-ParstagramTests.release.xcconfig */;
			buildSettings = {
				ALWAYS_EMBED_SWIFT_STANDARD_LIBRARIES = YES;
				BUNDLE_LOADER = "$(TEST_HOST)";
				CODE_SIGN_STYLE = Automatic;
				DEVELOPMENT_TEAM = AC6V234L6Y;
				INFOPLIST_FILE = ParstagramTests/Info.plist;
				IPHONEOS_DEPLOYMENT_TARGET = 14.4;
				LD_RUNPATH_SEARCH_PATHS = (
					"$(inherited)",
					"@executable_path/Frameworks",
					"@loader_path/Frameworks",
				);
				PRODUCT_BUNDLE_IDENTIFIER = io.GitHub.KBatesCS.ParstagramTests;
				PRODUCT_NAME = "$(TARGET_NAME)";
				SWIFT_VERSION = 5.0;
				TARGETED_DEVICE_FAMILY = "1,2";
				TEST_HOST = "$(BUILT_PRODUCTS_DIR)/Parstagram.app/Parstagram";
			};
			name = Release;
		};
		D678FC3425EB8F2C009A85BF /* Debug */ = {
			isa = XCBuildConfiguration;
			baseConfigurationReference = 062FECCFDEC05C92A323B7AF /* Pods-Parstagram-ParstagramUITests.debug.xcconfig */;
			buildSettings = {
				ALWAYS_EMBED_SWIFT_STANDARD_LIBRARIES = YES;
				CODE_SIGN_STYLE = Automatic;
				DEVELOPMENT_TEAM = AC6V234L6Y;
				INFOPLIST_FILE = ParstagramUITests/Info.plist;
				LD_RUNPATH_SEARCH_PATHS = (
					"$(inherited)",
					"@executable_path/Frameworks",
					"@loader_path/Frameworks",
				);
				PRODUCT_BUNDLE_IDENTIFIER = io.GitHub.KBatesCS.ParstagramUITests;
				PRODUCT_NAME = "$(TARGET_NAME)";
				SWIFT_VERSION = 5.0;
				TARGETED_DEVICE_FAMILY = "1,2";
				TEST_TARGET_NAME = Parstagram;
			};
			name = Debug;
		};
		D678FC3525EB8F2C009A85BF /* Release */ = {
			isa = XCBuildConfiguration;
			baseConfigurationReference = 1CD0D251A01141CAE315C528 /* Pods-Parstagram-ParstagramUITests.release.xcconfig */;
			buildSettings = {
				ALWAYS_EMBED_SWIFT_STANDARD_LIBRARIES = YES;
				CODE_SIGN_STYLE = Automatic;
				DEVELOPMENT_TEAM = AC6V234L6Y;
				INFOPLIST_FILE = ParstagramUITests/Info.plist;
				LD_RUNPATH_SEARCH_PATHS = (
					"$(inherited)",
					"@executable_path/Frameworks",
					"@loader_path/Frameworks",
				);
				PRODUCT_BUNDLE_IDENTIFIER = io.GitHub.KBatesCS.ParstagramUITests;
				PRODUCT_NAME = "$(TARGET_NAME)";
				SWIFT_VERSION = 5.0;
				TARGETED_DEVICE_FAMILY = "1,2";
				TEST_TARGET_NAME = Parstagram;
			};
			name = Release;
		};
/* End XCBuildConfiguration section */

/* Begin XCConfigurationList section */
		D678FBFE25EB8F27009A85BF /* Build configuration list for PBXProject "Parstagram" */ = {
			isa = XCConfigurationList;
			buildConfigurations = (
				D678FC2B25EB8F2C009A85BF /* Debug */,
				D678FC2C25EB8F2C009A85BF /* Release */,
			);
			defaultConfigurationIsVisible = 0;
			defaultConfigurationName = Release;
		};
		D678FC2D25EB8F2C009A85BF /* Build configuration list for PBXNativeTarget "Parstagram" */ = {
			isa = XCConfigurationList;
			buildConfigurations = (
				D678FC2E25EB8F2C009A85BF /* Debug */,
				D678FC2F25EB8F2C009A85BF /* Release */,
			);
			defaultConfigurationIsVisible = 0;
			defaultConfigurationName = Release;
		};
		D678FC3025EB8F2C009A85BF /* Build configuration list for PBXNativeTarget "ParstagramTests" */ = {
			isa = XCConfigurationList;
			buildConfigurations = (
				D678FC3125EB8F2C009A85BF /* Debug */,
				D678FC3225EB8F2C009A85BF /* Release */,
			);
			defaultConfigurationIsVisible = 0;
			defaultConfigurationName = Release;
		};
		D678FC3325EB8F2C009A85BF /* Build configuration list for PBXNativeTarget "ParstagramUITests" */ = {
			isa = XCConfigurationList;
			buildConfigurations = (
				D678FC3425EB8F2C009A85BF /* Debug */,
				D678FC3525EB8F2C009A85BF /* Release */,
			);
			defaultConfigurationIsVisible = 0;
			defaultConfigurationName = Release;
		};
/* End XCConfigurationList section */
	};
	rootObject = D678FBFB25EB8F27009A85BF /* Project object */;
}
